
Microsoft Visual Studio Solution File, Format Version 12.00
# Visual Studio 15
VisualStudioVersion = 15.0.28307.329
MinimumVisualStudioVersion = 10.0.40219.1
Project("{FAE04EC0-301F-11D3-BF4B-00C04F79EFBC}") = "TransifierGUI", "TransifierGUI.csproj", "{F69C88B6-F963-4B73-852D-CA7B723176DD}"
EndProject
Global
	GlobalSection(SolutionConfigurationPlatforms) = preSolution
		Debug|Any CPU = Debug|Any CPU
		Release|Any CPU = Release|Any CPU
	EndGlobalSection
	GlobalSection(ProjectConfigurationPlatforms) = postSolution
		{F69C88B6-F963-4B73-852D-CA7B723176DD}.Debug|Any CPU.ActiveCfg = Debug|Any CPU
		{F69C88B6-F963-4B73-852D-CA7B723176DD}.Debug|Any CPU.Build.0 = Debug|Any CPU
		{F69C88B6-F963-4B73-852D-CA7B723176DD}.Release|Any CPU.ActiveCfg = Release|Any CPU
		{F69C88B6-F963-4B73-852D-CA7B723176DD}.Release|Any CPU.Build.0 = Release|Any CPU
	EndGlobalSection
	GlobalSection(SolutionProperties) = preSolution
		HideSolutionNode = FALSE
	EndGlobalSection
	GlobalSection(ExtensibilityGlobals) = postSolution
		SolutionGuid = {B23E7648-50E0-4E39-821D-4F4779C3F9AB}
	EndGlobalSection
EndGlobal
